
Microsoft Visual Studio Solution File, Format Version 12.00
# Visual Studio Version 16
VisualStudioVersion = 16.0.30907.101
MinimumVisualStudioVersion = 10.0.40219.1
Project("{FAE04EC0-301F-11D3-BF4B-00C04F79EFBC}") = "GameDemo", "GameDemo\GameDemo.csproj", "{35F869EB-5A7A-423C-AAE3-76F8C59828A0}"
EndProject
Global
	GlobalSection(SolutionConfigurationPlatforms) = preSolution
		Debug|Any CPU = Debug|Any CPU
		Release|Any CPU = Release|Any CPU
	EndGlobalSection
	GlobalSection(ProjectConfigurationPlatforms) = postSolution
		{35F869EB-5A7A-423C-AAE3-76F8C59828A0}.Debug|Any CPU.ActiveCfg = Debug|Any CPU
		{35F869EB-5A7A-423C-AAE3-76F8C59828A0}.Debug|Any CPU.Build.0 = Debug|Any CPU
		{35F869EB-5A7A-423C-AAE3-76F8C59828A0}.Release|Any CPU.ActiveCfg = Release|Any CPU
		{35F869EB-5A7A-423C-AAE3-76F8C59828A0}.Release|Any CPU.Build.0 = Release|Any CPU
	EndGlobalSection
	GlobalSection(SolutionProperties) = preSolution
		HideSolutionNode = FALSE
	EndGlobalSection
	GlobalSection(ExtensibilityGlobals) = postSolution
		SolutionGuid = {687B481F-61FA-417D-91F8-B3F9839003EF}
	EndGlobalSection
EndGlobal
